// !$*UTF8*$!
{
	archiveVersion = 1;
	classes = {
	};
	objectVersion = 50;
	objects = {

/* Begin PBXBuildFile section */
		C30F21D925A74B9800EE1CC4 /* AppDelegate.swift in Sources */ = {isa = PBXBuildFile; fileRef = C30F21D825A74B9800EE1CC4 /* AppDelegate.swift */; };
		C30F21DB25A74B9800EE1CC4 /* SceneDelegate.swift in Sources */ = {isa = PBXBuildFile; fileRef = C30F21DA25A74B9800EE1CC4 /* SceneDelegate.swift */; };
		C30F21E225A74B9900EE1CC4 /* Assets.xcassets in Resources */ = {isa = PBXBuildFile; fileRef = C30F21E125A74B9900EE1CC4 /* Assets.xcassets */; };
		C30F21E525A74B9900EE1CC4 /* LaunchScreen.storyboard in Resources */ = {isa = PBXBuildFile; fileRef = C30F21E325A74B9900EE1CC4 /* LaunchScreen.storyboard */; };
		C30F21ED25A74BE000EE1CC4 /* MovieViewController.swift in Sources */ = {isa = PBXBuildFile; fileRef = C30F21EC25A74BE000EE1CC4 /* MovieViewController.swift */; };
		C30F21EF25A7524A00EE1CC4 /* MovieTableViewCell.swift in Sources */ = {isa = PBXBuildFile; fileRef = C30F21EE25A7524A00EE1CC4 /* MovieTableViewCell.swift */; };
		C322B8A325AD7B4200422696 /* UIImageViewExtension.swift in Sources */ = {isa = PBXBuildFile; fileRef = C322B8A225AD7B4200422696 /* UIImageViewExtension.swift */; };
		C322B8A625AD910600422696 /* MovieDetailModel.swift in Sources */ = {isa = PBXBuildFile; fileRef = C322B8A525AD910600422696 /* MovieDetailModel.swift */; };
		C322B8A825AD912200422696 /* MovieModel.swift in Sources */ = {isa = PBXBuildFile; fileRef = C322B8A725AD912200422696 /* MovieModel.swift */; };
		C322B8AA25ADD62000422696 /* MovieTrailerModel.swift in Sources */ = {isa = PBXBuildFile; fileRef = C322B8A925ADD62000422696 /* MovieTrailerModel.swift */; };
		C33C5B2F25B015DB00EB479E /* Localizable.strings in Resources */ = {isa = PBXBuildFile; fileRef = C33C5B3125B015DB00EB479E /* Localizable.strings */; };
		C33C5B3525B016EE00EB479E /* InfoPlist.strings in Resources */ = {isa = PBXBuildFile; fileRef = C33C5B3725B016EE00EB479E /* InfoPlist.strings */; };
		C34757D725AB107000478AAB /* ICoordinator.swift in Sources */ = {isa = PBXBuildFile; fileRef = C34757D625AB107000478AAB /* ICoordinator.swift */; };
		C34757D925AB10EC00478AAB /* Coordinator.swift in Sources */ = {isa = PBXBuildFile; fileRef = C34757D825AB10EC00478AAB /* Coordinator.swift */; };
		C34757DB25AB125A00478AAB /* IMoviesCoordinator.swift in Sources */ = {isa = PBXBuildFile; fileRef = C34757DA25AB125A00478AAB /* IMoviesCoordinator.swift */; };
		C34757DE25AB236800478AAB /* NetworkLayer.swift in Sources */ = {isa = PBXBuildFile; fileRef = C34757DD25AB236800478AAB /* NetworkLayer.swift */; };
		C34757E025AB24AA00478AAB /* INetworkLayer.swift in Sources */ = {isa = PBXBuildFile; fileRef = C34757DF25AB24AA00478AAB /* INetworkLayer.swift */; };
		C34757E225AB25BB00478AAB /* Url.swift in Sources */ = {isa = PBXBuildFile; fileRef = C34757E125AB25BB00478AAB /* Url.swift */; };
		C3A48AF925AA21B400A6500D /* MovieDetailViewController.swift in Sources */ = {isa = PBXBuildFile; fileRef = C3A48AF825AA21B400A6500D /* MovieDetailViewController.swift */; };
		C3DDDC9425AF273D00D708F6 /* GenreCollectionViewCell.swift in Sources */ = {isa = PBXBuildFile; fileRef = C3DDDC9325AF273D00D708F6 /* GenreCollectionViewCell.swift */; };
/* End PBXBuildFile section */

/* Begin PBXFileReference section */
		C30F21D525A74B9800EE1CC4 /* Movies.app */ = {isa = PBXFileReference; explicitFileType = wrapper.application; includeInIndex = 0; path = Movies.app; sourceTree = BUILT_PRODUCTS_DIR; };
		C30F21D825A74B9800EE1CC4 /* AppDelegate.swift */ = {isa = PBXFileReference; lastKnownFileType = sourcecode.swift; path = AppDelegate.swift; sourceTree = "<group>"; };
		C30F21DA25A74B9800EE1CC4 /* SceneDelegate.swift */ = {isa = PBXFileReference; lastKnownFileType = sourcecode.swift; path = SceneDelegate.swift; sourceTree = "<group>"; };
		C30F21E125A74B9900EE1CC4 /* Assets.xcassets */ = {isa = PBXFileReference; lastKnownFileType = folder.assetcatalog; path = Assets.xcassets; sourceTree = "<group>"; };
		C30F21E425A74B9900EE1CC4 /* Base */ = {isa = PBXFileReference; lastKnownFileType = file.storyboard; name = Base; path = Base.lproj/LaunchScreen.storyboard; sourceTree = "<group>"; };
		C30F21E625A74B9900EE1CC4 /* Info.plist */ = {isa = PBXFileReference; lastKnownFileType = text.plist.xml; path = Info.plist; sourceTree = "<group>"; };
		C30F21EC25A74BE000EE1CC4 /* MovieViewController.swift */ = {isa = PBXFileReference; lastKnownFileType = sourcecode.swift; path = MovieViewController.swift; sourceTree = "<group>"; };
		C30F21EE25A7524A00EE1CC4 /* MovieTableViewCell.swift */ = {isa = PBXFileReference; lastKnownFileType = sourcecode.swift; path = MovieTableViewCell.swift; sourceTree = "<group>"; };
		C322B8A225AD7B4200422696 /* UIImageViewExtension.swift */ = {isa = PBXFileReference; lastKnownFileType = sourcecode.swift; path = UIImageViewExtension.swift; sourceTree = "<group>"; };
		C322B8A525AD910600422696 /* MovieDetailModel.swift */ = {isa = PBXFileReference; lastKnownFileType = sourcecode.swift; path = MovieDetailModel.swift; sourceTree = "<group>"; };
		C322B8A725AD912200422696 /* MovieModel.swift */ = {isa = PBXFileReference; lastKnownFileType = sourcecode.swift; path = MovieModel.swift; sourceTree = "<group>"; };
		C322B8A925ADD62000422696 /* MovieTrailerModel.swift */ = {isa = PBXFileReference; lastKnownFileType = sourcecode.swift; path = MovieTrailerModel.swift; sourceTree = "<group>"; };
		C33C5B2B25B014FE00EB479E /* ru */ = {isa = PBXFileReference; lastKnownFileType = text.plist.strings; name = ru; path = ru.lproj/LaunchScreen.strings; sourceTree = "<group>"; };
		C33C5B3025B015DB00EB479E /* en */ = {isa = PBXFileReference; lastKnownFileType = text.plist.strings; name = en; path = en.lproj/Localizable.strings; sourceTree = "<group>"; };
		C33C5B3225B015E100EB479E /* ru */ = {isa = PBXFileReference; lastKnownFileType = text.plist.strings; name = ru; path = ru.lproj/Localizable.strings; sourceTree = "<group>"; };
		C33C5B3625B016EE00EB479E /* en */ = {isa = PBXFileReference; lastKnownFileType = text.plist.strings; name = en; path = en.lproj/InfoPlist.strings; sourceTree = "<group>"; };
		C33C5B3825B016F100EB479E /* ru */ = {isa = PBXFileReference; lastKnownFileType = text.plist.strings; name = ru; path = ru.lproj/InfoPlist.strings; sourceTree = "<group>"; };
		C34757D625AB107000478AAB /* ICoordinator.swift */ = {isa = PBXFileReference; lastKnownFileType = sourcecode.swift; path = ICoordinator.swift; sourceTree = "<group>"; };
		C34757D825AB10EC00478AAB /* Coordinator.swift */ = {isa = PBXFileReference; lastKnownFileType = sourcecode.swift; path = Coordinator.swift; sourceTree = "<group>"; };
		C34757DA25AB125A00478AAB /* IMoviesCoordinator.swift */ = {isa = PBXFileReference; lastKnownFileType = sourcecode.swift; path = IMoviesCoordinator.swift; sourceTree = "<group>"; };
		C34757DD25AB236800478AAB /* NetworkLayer.swift */ = {isa = PBXFileReference; lastKnownFileType = sourcecode.swift; path = NetworkLayer.swift; sourceTree = "<group>"; };
		C34757DF25AB24AA00478AAB /* INetworkLayer.swift */ = {isa = PBXFileReference; lastKnownFileType = sourcecode.swift; path = INetworkLayer.swift; sourceTree = "<group>"; };
		C34757E125AB25BB00478AAB /* Url.swift */ = {isa = PBXFileReference; lastKnownFileType = sourcecode.swift; path = Url.swift; sourceTree = "<group>"; };
		C3A48AF825AA21B400A6500D /* MovieDetailViewController.swift */ = {isa = PBXFileReference; lastKnownFileType = sourcecode.swift; path = MovieDetailViewController.swift; sourceTree = "<group>"; };
		C3DDDC9325AF273D00D708F6 /* GenreCollectionViewCell.swift */ = {isa = PBXFileReference; lastKnownFileType = sourcecode.swift; path = GenreCollectionViewCell.swift; sourceTree = "<group>"; };
/* End PBXFileReference section */

/* Begin PBXFrameworksBuildPhase section */
		C30F21D225A74B9800EE1CC4 /* Frameworks */ = {
			isa = PBXFrameworksBuildPhase;
			buildActionMask = 2147483647;
			files = (
			);
			runOnlyForDeploymentPostprocessing = 0;
		};
/* End PBXFrameworksBuildPhase section */

/* Begin PBXGroup section */
		C30F21CC25A74B9800EE1CC4 = {
			isa = PBXGroup;
			children = (
				C30F21D725A74B9800EE1CC4 /* Movies */,
				C30F21D625A74B9800EE1CC4 /* Products */,
			);
			sourceTree = "<group>";
		};
		C30F21D625A74B9800EE1CC4 /* Products */ = {
			isa = PBXGroup;
			children = (
				C30F21D525A74B9800EE1CC4 /* Movies.app */,
			);
			name = Products;
			sourceTree = "<group>";
		};
		C30F21D725A74B9800EE1CC4 /* Movies */ = {
			isa = PBXGroup;
			children = (
				C30F21D825A74B9800EE1CC4 /* AppDelegate.swift */,
				C30F21DA25A74B9800EE1CC4 /* SceneDelegate.swift */,
				C3A48AF125AA205F00A6500D /* MoviesModule */,
				C3A48AF725AA212000A6500D /* MoviesDetailModule */,
				C34757D325AB0FB800478AAB /* Core */,
				C34757D425AB0FD300478AAB /* Helper */,
				C3A48AEF25AA1FE100A6500D /* Storyboard */,
				C3A48AF025AA201600A6500D /* Support */,
				C33C5B2C25B0155D00EB479E /* Localizable */,
			);
			path = Movies;
			sourceTree = "<group>";
		};
		C322B8A125AD7AED00422696 /* Extension */ = {
			isa = PBXGroup;
			children = (
				C322B8A225AD7B4200422696 /* UIImageViewExtension.swift */,
			);
			path = Extension;
			sourceTree = "<group>";
		};
		C322B8A425AD90D400422696 /* Model */ = {
			isa = PBXGroup;
			children = (
				C322B8A525AD910600422696 /* MovieDetailModel.swift */,
				C322B8A925ADD62000422696 /* MovieTrailerModel.swift */,
			);
			path = Model;
			sourceTree = "<group>";
		};
		C33C5B2C25B0155D00EB479E /* Localizable */ = {
			isa = PBXGroup;
			children = (
				C33C5B3125B015DB00EB479E /* Localizable.strings */,
				C33C5B3725B016EE00EB479E /* InfoPlist.strings */,
			);
			path = Localizable;
			sourceTree = "<group>";
		};
		C34757D325AB0FB800478AAB /* Core */ = {
			isa = PBXGroup;
			children = (
				C34757DC25AB1FE900478AAB /* NetworkLayer */,
				C34757D525AB102600478AAB /* Coordinator */,
			);
			path = Core;
			sourceTree = "<group>";
		};
		C34757D425AB0FD300478AAB /* Helper */ = {
			isa = PBXGroup;
			children = (
				C322B8A125AD7AED00422696 /* Extension */,
			);
			path = Helper;
			sourceTree = "<group>";
		};
		C34757D525AB102600478AAB /* Coordinator */ = {
			isa = PBXGroup;
			children = (
				C34757D625AB107000478AAB /* ICoordinator.swift */,
				C34757DA25AB125A00478AAB /* IMoviesCoordinator.swift */,
				C34757D825AB10EC00478AAB /* Coordinator.swift */,
			);
			path = Coordinator;
			sourceTree = "<group>";
		};
		C34757DC25AB1FE900478AAB /* NetworkLayer */ = {
			isa = PBXGroup;
			children = (
				C34757DF25AB24AA00478AAB /* INetworkLayer.swift */,
				C34757DD25AB236800478AAB /* NetworkLayer.swift */,
				C34757E125AB25BB00478AAB /* Url.swift */,
			);
			path = NetworkLayer;
			sourceTree = "<group>";
		};
		C3A48AEF25AA1FE100A6500D /* Storyboard */ = {
			isa = PBXGroup;
			children = (
				C30F21E325A74B9900EE1CC4 /* LaunchScreen.storyboard */,
			);
			path = Storyboard;
			sourceTree = "<group>";
		};
		C3A48AF025AA201600A6500D /* Support */ = {
			isa = PBXGroup;
			children = (
				C30F21E125A74B9900EE1CC4 /* Assets.xcassets */,
				C30F21E625A74B9900EE1CC4 /* Info.plist */,
			);
			path = Support;
			sourceTree = "<group>";
		};
		C3A48AF125AA205F00A6500D /* MoviesModule */ = {
			isa = PBXGroup;
			children = (
				C3A48AF525AA20C800A6500D /* ViewController */,
				C3A48AF225AA208900A6500D /* Model */,
			);
			path = MoviesModule;
			sourceTree = "<group>";
		};
		C3A48AF225AA208900A6500D /* Model */ = {
			isa = PBXGroup;
			children = (
				C322B8A725AD912200422696 /* MovieModel.swift */,
			);
			path = Model;
			sourceTree = "<group>";
		};
		C3A48AF525AA20C800A6500D /* ViewController */ = {
			isa = PBXGroup;
			children = (
				C30F21EC25A74BE000EE1CC4 /* MovieViewController.swift */,
				C3A48AF625AA20E600A6500D /* Cell */,
			);
			path = ViewController;
			sourceTree = "<group>";
		};
		C3A48AF625AA20E600A6500D /* Cell */ = {
			isa = PBXGroup;
			children = (
				C30F21EE25A7524A00EE1CC4 /* MovieTableViewCell.swift */,
			);
			path = Cell;
			sourceTree = "<group>";
		};
		C3A48AF725AA212000A6500D /* MoviesDetailModule */ = {
			isa = PBXGroup;
			children = (
				C3A48AFA25AA21C800A6500D /* ViewController */,
				C322B8A425AD90D400422696 /* Model */,
			);
			path = MoviesDetailModule;
			sourceTree = "<group>";
		};
		C3A48AFA25AA21C800A6500D /* ViewController */ = {
			isa = PBXGroup;
			children = (
				C3A48AF825AA21B400A6500D /* MovieDetailViewController.swift */,
				C3DDDC9225AF26ED00D708F6 /* Cell */,
			);
			path = ViewController;
			sourceTree = "<group>";
		};
		C3DDDC9225AF26ED00D708F6 /* Cell */ = {
			isa = PBXGroup;
			children = (
				C3DDDC9325AF273D00D708F6 /* GenreCollectionViewCell.swift */,
			);
			path = Cell;
			sourceTree = "<group>";
		};
/* End PBXGroup section */

/* Begin PBXNativeTarget section */
		C30F21D425A74B9800EE1CC4 /* Movies */ = {
			isa = PBXNativeTarget;
			buildConfigurationList = C30F21E925A74B9900EE1CC4 /* Build configuration list for PBXNativeTarget "Movies" */;
			buildPhases = (
				C30F21D125A74B9800EE1CC4 /* Sources */,
				C30F21D225A74B9800EE1CC4 /* Frameworks */,
				C30F21D325A74B9800EE1CC4 /* Resources */,
			);
			buildRules = (
			);
			dependencies = (
			);
			name = Movies;
			productName = Movies;
			productReference = C30F21D525A74B9800EE1CC4 /* Movies.app */;
			productType = "com.apple.product-type.application";
		};
/* End PBXNativeTarget section */

/* Begin PBXProject section */
		C30F21CD25A74B9800EE1CC4 /* Project object */ = {
			isa = PBXProject;
			attributes = {
				LastSwiftUpdateCheck = 1140;
				LastUpgradeCheck = 1140;
				ORGANIZATIONNAME = Administrator;
				TargetAttributes = {
					C30F21D425A74B9800EE1CC4 = {
						CreatedOnToolsVersion = 11.4;
					};
				};
			};
			buildConfigurationList = C30F21D025A74B9800EE1CC4 /* Build configuration list for PBXProject "Movies" */;
			compatibilityVersion = "Xcode 9.3";
			developmentRegion = en;
			hasScannedForEncodings = 0;
			knownRegions = (
				en,
				Base,
				ru,
			);
			mainGroup = C30F21CC25A74B9800EE1CC4;
			productRefGroup = C30F21D625A74B9800EE1CC4 /* Products */;
			projectDirPath = "";
			projectRoot = "";
			targets = (
				C30F21D425A74B9800EE1CC4 /* Movies */,
			);
		};
/* End PBXProject section */

/* Begin PBXResourcesBuildPhase section */
		C30F21D325A74B9800EE1CC4 /* Resources */ = {
			isa = PBXResourcesBuildPhase;
			buildActionMask = 2147483647;
			files = (
				C30F21E525A74B9900EE1CC4 /* LaunchScreen.storyboard in Resources */,
				C33C5B3525B016EE00EB479E /* InfoPlist.strings in Resources */,
				C33C5B2F25B015DB00EB479E /* Localizable.strings in Resources */,
				C30F21E225A74B9900EE1CC4 /* Assets.xcassets in Resources */,
			);
			runOnlyForDeploymentPostprocessing = 0;
		};
/* End PBXResourcesBuildPhase section */

/* Begin PBXSourcesBuildPhase section */
		C30F21D125A74B9800EE1CC4 /* Sources */ = {
			isa = PBXSourcesBuildPhase;
			buildActionMask = 2147483647;
			files = (
				C3DDDC9425AF273D00D708F6 /* GenreCollectionViewCell.swift in Sources */,
				C322B8A825AD912200422696 /* MovieModel.swift in Sources */,
				C34757D925AB10EC00478AAB /* Coordinator.swift in Sources */,
				C30F21D925A74B9800EE1CC4 /* AppDelegate.swift in Sources */,
				C30F21DB25A74B9800EE1CC4 /* SceneDelegate.swift in Sources */,
				C34757DB25AB125A00478AAB /* IMoviesCoordinator.swift in Sources */,
				C30F21EF25A7524A00EE1CC4 /* MovieTableViewCell.swift in Sources */,
				C3A48AF925AA21B400A6500D /* MovieDetailViewController.swift in Sources */,
				C34757E225AB25BB00478AAB /* Url.swift in Sources */,
				C30F21ED25A74BE000EE1CC4 /* MovieViewController.swift in Sources */,
				C322B8AA25ADD62000422696 /* MovieTrailerModel.swift in Sources */,
				C34757E025AB24AA00478AAB /* INetworkLayer.swift in Sources */,
				C34757DE25AB236800478AAB /* NetworkLayer.swift in Sources */,
				C322B8A325AD7B4200422696 /* UIImageViewExtension.swift in Sources */,
				C34757D725AB107000478AAB /* ICoordinator.swift in Sources */,
				C322B8A625AD910600422696 /* MovieDetailModel.swift in Sources */,
			);
			runOnlyForDeploymentPostprocessing = 0;
		};
/* End PBXSourcesBuildPhase section */

/* Begin PBXVariantGroup section */
		C30F21E325A74B9900EE1CC4 /* LaunchScreen.storyboard */ = {
			isa = PBXVariantGroup;
			children = (
				C30F21E425A74B9900EE1CC4 /* Base */,
				C33C5B2B25B014FE00EB479E /* ru */,
			);
			name = LaunchScreen.storyboard;
			sourceTree = "<group>";
		};
		C33C5B3125B015DB00EB479E /* Localizable.strings */ = {
			isa = PBXVariantGroup;
			children = (
				C33C5B3025B015DB00EB479E /* en */,
				C33C5B3225B015E100EB479E /* ru */,
			);
			name = Localizable.strings;
			sourceTree = "<group>";
		};
		C33C5B3725B016EE00EB479E /* InfoPlist.strings */ = {
			isa = PBXVariantGroup;
			children = (
				C33C5B3625B016EE00EB479E /* en */,
				C33C5B3825B016F100EB479E /* ru */,
			);
			name = InfoPlist.strings;
			sourceTree = "<group>";
		};
/* End PBXVariantGroup section */

/* Begin XCBuildConfiguration section */
		C30F21E725A74B9900EE1CC4 /* Debug */ = {
			isa = XCBuildConfiguration;
			buildSettings = {
				ALWAYS_SEARCH_USER_PATHS = NO;
				CLANG_ANALYZER_LOCALIZABILITY_NONLOCALIZED = YES;
				CLANG_ANALYZER_NONNULL = YES;
				CLANG_ANALYZER_NUMBER_OBJECT_CONVERSION = YES_AGGRESSIVE;
				CLANG_CXX_LANGUAGE_STANDARD = "gnu++14";
				CLANG_CXX_LIBRARY = "libc++";
				CLANG_ENABLE_MODULES = YES;
				CLANG_ENABLE_OBJC_ARC = YES;
				CLANG_ENABLE_OBJC_WEAK = YES;
				CLANG_WARN_BLOCK_CAPTURE_AUTORELEASING = YES;
				CLANG_WARN_BOOL_CONVERSION = YES;
				CLANG_WARN_COMMA = YES;
				CLANG_WARN_CONSTANT_CONVERSION = YES;
				CLANG_WARN_DEPRECATED_OBJC_IMPLEMENTATIONS = YES;
				CLANG_WARN_DIRECT_OBJC_ISA_USAGE = YES_ERROR;
				CLANG_WARN_DOCUMENTATION_COMMENTS = YES;
				CLANG_WARN_EMPTY_BODY = YES;
				CLANG_WARN_ENUM_CONVERSION = YES;
				CLANG_WARN_INFINITE_RECURSION = YES;
				CLANG_WARN_INT_CONVERSION = YES;
				CLANG_WARN_NON_LITERAL_NULL_CONVERSION = YES;
				CLANG_WARN_OBJC_IMPLICIT_RETAIN_SELF = YES;
				CLANG_WARN_OBJC_LITERAL_CONVERSION = YES;
				CLANG_WARN_OBJC_ROOT_CLASS = YES_ERROR;
				CLANG_WARN_RANGE_LOOP_ANALYSIS = YES;
				CLANG_WARN_STRICT_PROTOTYPES = YES;
				CLANG_WARN_SUSPICIOUS_MOVE = YES;
				CLANG_WARN_UNGUARDED_AVAILABILITY = YES_AGGRESSIVE;
				CLANG_WARN_UNREACHABLE_CODE = YES;
				CLANG_WARN__DUPLICATE_METHOD_MATCH = YES;
				COPY_PHASE_STRIP = NO;
				DEBUG_INFORMATION_FORMAT = dwarf;
				ENABLE_STRICT_OBJC_MSGSEND = YES;
				ENABLE_TESTABILITY = YES;
				GCC_C_LANGUAGE_STANDARD = gnu11;
				GCC_DYNAMIC_NO_PIC = NO;
				GCC_NO_COMMON_BLOCKS = YES;
				GCC_OPTIMIZATION_LEVEL = 0;
				GCC_PREPROCESSOR_DEFINITIONS = (
					"DEBUG=1",
					"$(inherited)",
				);
				GCC_WARN_64_TO_32_BIT_CONVERSION = YES;
				GCC_WARN_ABOUT_RETURN_TYPE = YES_ERROR;
				GCC_WARN_UNDECLARED_SELECTOR = YES;
				GCC_WARN_UNINITIALIZED_AUTOS = YES_AGGRESSIVE;
				GCC_WARN_UNUSED_FUNCTION = YES;
				GCC_WARN_UNUSED_VARIABLE = YES;
				IPHONEOS_DEPLOYMENT_TARGET = 13.4;
				MTL_ENABLE_DEBUG_INFO = INCLUDE_SOURCE;
				MTL_FAST_MATH = YES;
				ONLY_ACTIVE_ARCH = YES;
				SDKROOT = iphoneos;
				SWIFT_ACTIVE_COMPILATION_CONDITIONS = DEBUG;
				SWIFT_OPTIMIZATION_LEVEL = "-Onone";
			};
			name = Debug;
		};
		C30F21E825A74B9900EE1CC4 /* Release */ = {
			isa = XCBuildConfiguration;
			buildSettings = {
				ALWAYS_SEARCH_USER_PATHS = NO;
				CLANG_ANALYZER_LOCALIZABILITY_NONLOCALIZED = YES;
				CLANG_ANALYZER_NONNULL = YES;
				CLANG_ANALYZER_NUMBER_OBJECT_CONVERSION = YES_AGGRESSIVE;
				CLANG_CXX_LANGUAGE_STANDARD = "gnu++14";
				CLANG_CXX_LIBRARY = "libc++";
				CLANG_ENABLE_MODULES = YES;
				CLANG_ENABLE_OBJC_ARC = YES;
				CLANG_ENABLE_OBJC_WEAK = YES;
				CLANG_WARN_BLOCK_CAPTURE_AUTORELEASING = YES;
				CLANG_WARN_BOOL_CONVERSION = YES;
				CLANG_WARN_COMMA = YES;
				CLANG_WARN_CONSTANT_CONVERSION = YES;
				CLANG_WARN_DEPRECATED_OBJC_IMPLEMENTATIONS = YES;
				CLANG_WARN_DIRECT_OBJC_ISA_USAGE = YES_ERROR;
				CLANG_WARN_DOCUMENTATION_COMMENTS = YES;
				CLANG_WARN_EMPTY_BODY = YES;
				CLANG_WARN_ENUM_CONVERSION = YES;
				CLANG_WARN_INFINITE_RECURSION = YES;
				CLANG_WARN_INT_CONVERSION = YES;
				CLANG_WARN_NON_LITERAL_NULL_CONVERSION = YES;
				CLANG_WARN_OBJC_IMPLICIT_RETAIN_SELF = YES;
				CLANG_WARN_OBJC_LITERAL_CONVERSION = YES;
				CLANG_WARN_OBJC_ROOT_CLASS = YES_ERROR;
				CLANG_WARN_RANGE_LOOP_ANALYSIS = YES;
				CLANG_WARN_STRICT_PROTOTYPES = YES;
				CLANG_WARN_SUSPICIOUS_MOVE = YES;
				CLANG_WARN_UNGUARDED_AVAILABILITY = YES_AGGRESSIVE;
				CLANG_WARN_UNREACHABLE_CODE = YES;
				CLANG_WARN__DUPLICATE_METHOD_MATCH = YES;
				COPY_PHASE_STRIP = NO;
				DEBUG_INFORMATION_FORMAT = "dwarf-with-dsym";
				ENABLE_NS_ASSERTIONS = NO;
				ENABLE_STRICT_OBJC_MSGSEND = YES;
				GCC_C_LANGUAGE_STANDARD = gnu11;
				GCC_NO_COMMON_BLOCKS = YES;
				GCC_WARN_64_TO_32_BIT_CONVERSION = YES;
				GCC_WARN_ABOUT_RETURN_TYPE = YES_ERROR;
				GCC_WARN_UNDECLARED_SELECTOR = YES;
				GCC_WARN_UNINITIALIZED_AUTOS = YES_AGGRESSIVE;
				GCC_WARN_UNUSED_FUNCTION = YES;
				GCC_WARN_UNUSED_VARIABLE = YES;
				IPHONEOS_DEPLOYMENT_TARGET = 13.4;
				MTL_ENABLE_DEBUG_INFO = NO;
				MTL_FAST_MATH = YES;
				SDKROOT = iphoneos;
				SWIFT_COMPILATION_MODE = wholemodule;
				SWIFT_OPTIMIZATION_LEVEL = "-O";
				VALIDATE_PRODUCT = YES;
			};
			name = Release;
		};
		C30F21EA25A74B9900EE1CC4 /* Debug */ = {
			isa = XCBuildConfiguration;
			buildSettings = {
				ASSETCATALOG_COMPILER_APPICON_NAME = AppIcon;
				CODE_SIGN_STYLE = Automatic;
				DEVELOPMENT_TEAM = 3KH833X29S;
				INFOPLIST_FILE = "$(SRCROOT)/Movies/Support/Info.plist";
				LD_RUNPATH_SEARCH_PATHS = (
					"$(inherited)",
					"@executable_path/Frameworks",
				);
				PRODUCT_BUNDLE_IDENTIFIER = ru.administrator.Movies;
				PRODUCT_NAME = "$(TARGET_NAME)";
				SWIFT_VERSION = 5.0;
				TARGETED_DEVICE_FAMILY = "1,2";
			};
			name = Debug;
		};
		C30F21EB25A74B9900EE1CC4 /* Release */ = {
			isa = XCBuildConfiguration;
			buildSettings = {
				ASSETCATALOG_COMPILER_APPICON_NAME = AppIcon;
				CODE_SIGN_STYLE = Automatic;
				DEVELOPMENT_TEAM = 3KH833X29S;
				INFOPLIST_FILE = "$(SRCROOT)/Movies/Support/Info.plist";
				LD_RUNPATH_SEARCH_PATHS = (
					"$(inherited)",
					"@executable_path/Frameworks",
				);
				PRODUCT_BUNDLE_IDENTIFIER = ru.administrator.Movies;
				PRODUCT_NAME = "$(TARGET_NAME)";
				SWIFT_VERSION = 5.0;
				TARGETED_DEVICE_FAMILY = "1,2";
			};
			name = Release;
		};
/* End XCBuildConfiguration section */

/* Begin XCConfigurationList section */
		C30F21D025A74B9800EE1CC4 /* Build configuration list for PBXProject "Movies" */ = {
			isa = XCConfigurationList;
			buildConfigurations = (
				C30F21E725A74B9900EE1CC4 /* Debug */,
				C30F21E825A74B9900EE1CC4 /* Release */,
			);
			defaultConfigurationIsVisible = 0;
			defaultConfigurationName = Release;
		};
		C30F21E925A74B9900EE1CC4 /* Build configuration list for PBXNativeTarget "Movies" */ = {
			isa = XCConfigurationList;
			buildConfigurations = (
				C30F21EA25A74B9900EE1CC4 /* Debug */,
				C30F21EB25A74B9900EE1CC4 /* Release */,
			);
			defaultConfigurationIsVisible = 0;
			defaultConfigurationName = Release;
		};
/* End XCConfigurationList section */
	};
	rootObject = C30F21CD25A74B9800EE1CC4 /* Project object */;
}
